
Microsoft Visual Studio Solution File, Format Version 12.00
# Visual Studio 15
VisualStudioVersion = 15.0.28307.168
MinimumVisualStudioVersion = 10.0.40219.1
Project("{9A19103F-16F7-4668-BE54-9A1E7A4F7556}") = "VehiclesDashboard.VehicleServices.API", "VehiclesDashboard.VehicleServices.API\VehiclesDashboard.VehicleServices.API.csproj", "{8A7C0225-2316-474B-890D-2097BD7E3649}"
EndProject
Project("{2150E333-8FDC-42A3-9474-1A3956D46DE8}") = "UnitTest", "UnitTest", "{C9E45468-2EBE-416C-85F8-226E0B2B2A27}"
EndProject
Project("{2150E333-8FDC-42A3-9474-1A3956D46DE8}") = "Services", "Services", "{6153F6F5-0C1C-4885-A557-4780D60346DA}"
EndProject
Project("{2150E333-8FDC-42A3-9474-1A3956D46DE8}") = "HostingJobs", "HostingJobs", "{3F30E395-B36E-48FF-85CA-65BF6747F238}"
EndProject
Project("{9A19103F-16F7-4668-BE54-9A1E7A4F7556}") = "VehicleDashboard.VehicleService.Data", "VehicleDashboard.VehicleService.Data\VehicleDashboard.VehicleService.Data.csproj", "{6C63ECF5-5307-46B3-941C-53E74B760916}"
EndProject
Project("{9A19103F-16F7-4668-BE54-9A1E7A4F7556}") = "VehicleDashboard.VehicleService.Domain", "VehicleDashboard.VehicleService.Domain\VehicleDashboard.VehicleService.Domain.csproj", "{1242D815-60B7-4CDF-8598-7D2980B494F1}"
EndProject
Project("{9A19103F-16F7-4668-BE54-9A1E7A4F7556}") = "VehicleDashboard.VehicleService.Domain.Model", "VehicleDashboard.VehicleService.Domain.Model\VehicleDashboard.VehicleService.Domain.Model.csproj", "{BBB10524-6666-41E3-8C00-6593343A2E1E}"
EndProject
Project("{9A19103F-16F7-4668-BE54-9A1E7A4F7556}") = "VehicleDashboard.VehicleService.DTO", "VehicleDashboard.VehicleService.DTO\VehicleDashboard.VehicleService.DTO.csproj", "{DAEA8FC1-60E5-4FB7-889E-2E4869271755}"
EndProject
Project("{2150E333-8FDC-42A3-9474-1A3956D46DE8}") = "Presentation", "Presentation", "{1DB126BC-6E19-4B4B-92B4-B524AEB5788C}"
EndProject
Project("{9A19103F-16F7-4668-BE54-9A1E7A4F7556}") = "VehicleDashboard.SPA", "VehicleDashboard.SPA\VehicleDashboard.SPA.csproj", "{AC12E064-7A3B-40FF-B3AC-0064431E25E7}"
EndProject
Project("{FAE04EC0-301F-11D3-BF4B-00C04F79EFBC}") = "VehicleDashboard.Simulator.HostScheduler", "VehicleDashboard.Simulator.HostScheduler\VehicleDashboard.Simulator.HostScheduler.csproj", "{FC5801FA-EA8E-4640-92D7-5A7BF00416B8}"
EndProject
Project("{2150E333-8FDC-42A3-9474-1A3956D46DE8}") = "Core", "Core", "{44DCF1BC-5A7D-4056-B20A-D014C6B9E605}"
EndProject
Project("{2150E333-8FDC-42A3-9474-1A3956D46DE8}") = "EventBus", "EventBus", "{15F4CE6F-8673-482E-BCEF-A5E2543CAD1B}"
EndProject
Project("{FAE04EC0-301F-11D3-BF4B-00C04F79EFBC}") = "VehicleDashboard.EventBus", "VehicleDashboard.EventBus\VehicleDashboard.EventBus.csproj", "{8DCD6796-450C-4BD4-ACDF-6740FF064FE0}"
EndProject
Project("{FAE04EC0-301F-11D3-BF4B-00C04F79EFBC}") = "VehicleDashboard.EventBusRabbitMQ", "VehicleDashboard.EventBusRabbitMQ\VehicleDashboard.EventBusRabbitMQ.csproj", "{588DFEEB-92A4-43AE-A8BE-B17FDF2FACEE}"
EndProject
Project("{2150E333-8FDC-42A3-9474-1A3956D46DE8}") = "VehicleService", "VehicleService", "{0E3FB98C-B791-47E9-8321-7538B981B0C3}"
EndProject
Project("{2150E333-8FDC-42A3-9474-1A3956D46DE8}") = "VehicleConnection", "VehicleConnection", "{341568B0-00C1-4186-A64D-F00F510CA262}"
EndProject
Project("{FAE04EC0-301F-11D3-BF4B-00C04F79EFBC}") = "VehicleDashboard.VehicleConnection.Data", "VehicleDashboard.VehicleConnection.Data\VehicleDashboard.VehicleConnection.Data.csproj", "{EC0DAE02-778F-4A07-B950-6127725D7557}"
EndProject
Project("{FAE04EC0-301F-11D3-BF4B-00C04F79EFBC}") = "VehicleDashboard.VehicleConnection.Domain", "VehicleDashboard.VehicleConnection.Domain\VehicleDashboard.VehicleConnection.Domain.csproj", "{530B98CC-275D-41A1-BEA3-D6A7A71A9F8B}"
EndProject
Project("{FAE04EC0-301F-11D3-BF4B-00C04F79EFBC}") = "VehicleDashboard.VehicleConnection.Domain.Model", "VehicleDashboard.VehicleConnection.Domain.Model\VehicleDashboard.VehicleConnection.Domain.Model.csproj", "{838A5087-719D-4563-B0C6-86A91B31F295}"
EndProject
Project("{FAE04EC0-301F-11D3-BF4B-00C04F79EFBC}") = "VehicleDashboard.VehicleConnection.DTO", "VehicleDashboard.VehicleConnection.DTO\VehicleDashboard.VehicleConnection.DTO.csproj", "{DFC1A83D-74A2-4DAE-B19C-336F5C1B2BB0}"
EndProject
Project("{FAE04EC0-301F-11D3-BF4B-00C04F79EFBC}") = "VehiclesDashboard.VehicleConnection.API", "VehiclesDashboard.VehicleConnection.API\VehiclesDashboard.VehicleConnection.API.csproj", "{C603630B-B5AB-4AC6-8FDB-AE8BC8E8219B}"
EndProject
Project("{FAE04EC0-301F-11D3-BF4B-00C04F79EFBC}") = "VehicleDashboard.Core.Common", "VehicleDashboard.Core.Common\VehicleDashboard.Core.Common.csproj", "{DB59F642-0690-466F-B77F-65899A2F9BF3}"
EndProject
Project("{FAE04EC0-301F-11D3-BF4B-00C04F79EFBC}") = "VehiclesDashboard.Common.Utility", "VehiclesDashboard.Common.Utility\VehiclesDashboard.Common.Utility.csproj", "{668B96FE-F3E6-46C1-B443-076806AF043E}"
EndProject
Global
	GlobalSection(SolutionConfigurationPlatforms) = preSolution
		Debug|Any CPU = Debug|Any CPU
		Release|Any CPU = Release|Any CPU
	EndGlobalSection
	GlobalSection(ProjectConfigurationPlatforms) = postSolution
		{8A7C0225-2316-474B-890D-2097BD7E3649}.Debug|Any CPU.ActiveCfg = Debug|Any CPU
		{8A7C0225-2316-474B-890D-2097BD7E3649}.Debug|Any CPU.Build.0 = Debug|Any CPU
		{8A7C0225-2316-474B-890D-2097BD7E3649}.Release|Any CPU.ActiveCfg = Release|Any CPU
		{8A7C0225-2316-474B-890D-2097BD7E3649}.Release|Any CPU.Build.0 = Release|Any CPU
		{6C63ECF5-5307-46B3-941C-53E74B760916}.Debug|Any CPU.ActiveCfg = Debug|Any CPU
		{6C63ECF5-5307-46B3-941C-53E74B760916}.Debug|Any CPU.Build.0 = Debug|Any CPU
		{6C63ECF5-5307-46B3-941C-53E74B760916}.Release|Any CPU.ActiveCfg = Release|Any CPU
		{6C63ECF5-5307-46B3-941C-53E74B760916}.Release|Any CPU.Build.0 = Release|Any CPU
		{1242D815-60B7-4CDF-8598-7D2980B494F1}.Debug|Any CPU.ActiveCfg = Debug|Any CPU
		{1242D815-60B7-4CDF-8598-7D2980B494F1}.Debug|Any CPU.Build.0 = Debug|Any CPU
		{1242D815-60B7-4CDF-8598-7D2980B494F1}.Release|Any CPU.ActiveCfg = Release|Any CPU
		{1242D815-60B7-4CDF-8598-7D2980B494F1}.Release|Any CPU.Build.0 = Release|Any CPU
		{BBB10524-6666-41E3-8C00-6593343A2E1E}.Debug|Any CPU.ActiveCfg = Debug|Any CPU
		{BBB10524-6666-41E3-8C00-6593343A2E1E}.Debug|Any CPU.Build.0 = Debug|Any CPU
		{BBB10524-6666-41E3-8C00-6593343A2E1E}.Release|Any CPU.ActiveCfg = Release|Any CPU
		{BBB10524-6666-41E3-8C00-6593343A2E1E}.Release|Any CPU.Build.0 = Release|Any CPU
		{DAEA8FC1-60E5-4FB7-889E-2E4869271755}.Debug|Any CPU.ActiveCfg = Debug|Any CPU
		{DAEA8FC1-60E5-4FB7-889E-2E4869271755}.Debug|Any CPU.Build.0 = Debug|Any CPU
		{DAEA8FC1-60E5-4FB7-889E-2E4869271755}.Release|Any CPU.ActiveCfg = Release|Any CPU
		{DAEA8FC1-60E5-4FB7-889E-2E4869271755}.Release|Any CPU.Build.0 = Release|Any CPU
		{AC12E064-7A3B-40FF-B3AC-0064431E25E7}.Debug|Any CPU.ActiveCfg = Debug|Any CPU
		{AC12E064-7A3B-40FF-B3AC-0064431E25E7}.Debug|Any CPU.Build.0 = Debug|Any CPU
		{AC12E064-7A3B-40FF-B3AC-0064431E25E7}.Release|Any CPU.ActiveCfg = Release|Any CPU
		{AC12E064-7A3B-40FF-B3AC-0064431E25E7}.Release|Any CPU.Build.0 = Release|Any CPU
		{FC5801FA-EA8E-4640-92D7-5A7BF00416B8}.Debug|Any CPU.ActiveCfg = Debug|Any CPU
		{FC5801FA-EA8E-4640-92D7-5A7BF00416B8}.Debug|Any CPU.Build.0 = Debug|Any CPU
		{FC5801FA-EA8E-4640-92D7-5A7BF00416B8}.Release|Any CPU.ActiveCfg = Release|Any CPU
		{FC5801FA-EA8E-4640-92D7-5A7BF00416B8}.Release|Any CPU.Build.0 = Release|Any CPU
		{8DCD6796-450C-4BD4-ACDF-6740FF064FE0}.Debug|Any CPU.ActiveCfg = Debug|Any CPU
		{8DCD6796-450C-4BD4-ACDF-6740FF064FE0}.Debug|Any CPU.Build.0 = Debug|Any CPU
		{8DCD6796-450C-4BD4-ACDF-6740FF064FE0}.Release|Any CPU.ActiveCfg = Release|Any CPU
		{8DCD6796-450C-4BD4-ACDF-6740FF064FE0}.Release|Any CPU.Build.0 = Release|Any CPU
		{588DFEEB-92A4-43AE-A8BE-B17FDF2FACEE}.Debug|Any CPU.ActiveCfg = Debug|Any CPU
		{588DFEEB-92A4-43AE-A8BE-B17FDF2FACEE}.Debug|Any CPU.Build.0 = Debug|Any CPU
		{588DFEEB-92A4-43AE-A8BE-B17FDF2FACEE}.Release|Any CPU.ActiveCfg = Release|Any CPU
		{588DFEEB-92A4-43AE-A8BE-B17FDF2FACEE}.Release|Any CPU.Build.0 = Release|Any CPU
		{EC0DAE02-778F-4A07-B950-6127725D7557}.Debug|Any CPU.ActiveCfg = Debug|Any CPU
		{EC0DAE02-778F-4A07-B950-6127725D7557}.Debug|Any CPU.Build.0 = Debug|Any CPU
		{EC0DAE02-778F-4A07-B950-6127725D7557}.Release|Any CPU.ActiveCfg = Release|Any CPU
		{EC0DAE02-778F-4A07-B950-6127725D7557}.Release|Any CPU.Build.0 = Release|Any CPU
		{530B98CC-275D-41A1-BEA3-D6A7A71A9F8B}.Debug|Any CPU.ActiveCfg = Debug|Any CPU
		{530B98CC-275D-41A1-BEA3-D6A7A71A9F8B}.Debug|Any CPU.Build.0 = Debug|Any CPU
		{530B98CC-275D-41A1-BEA3-D6A7A71A9F8B}.Release|Any CPU.ActiveCfg = Release|Any CPU
		{530B98CC-275D-41A1-BEA3-D6A7A71A9F8B}.Release|Any CPU.Build.0 = Release|Any CPU
		{838A5087-719D-4563-B0C6-86A91B31F295}.Debug|Any CPU.ActiveCfg = Debug|Any CPU
		{838A5087-719D-4563-B0C6-86A91B31F295}.Debug|Any CPU.Build.0 = Debug|Any CPU
		{838A5087-719D-4563-B0C6-86A91B31F295}.Release|Any CPU.ActiveCfg = Release|Any CPU
		{838A5087-719D-4563-B0C6-86A91B31F295}.Release|Any CPU.Build.0 = Release|Any CPU
		{DFC1A83D-74A2-4DAE-B19C-336F5C1B2BB0}.Debug|Any CPU.ActiveCfg = Debug|Any CPU
		{DFC1A83D-74A2-4DAE-B19C-336F5C1B2BB0}.Debug|Any CPU.Build.0 = Debug|Any CPU
		{DFC1A83D-74A2-4DAE-B19C-336F5C1B2BB0}.Release|Any CPU.ActiveCfg = Release|Any CPU
		{DFC1A83D-74A2-4DAE-B19C-336F5C1B2BB0}.Release|Any CPU.Build.0 = Release|Any CPU
		{C603630B-B5AB-4AC6-8FDB-AE8BC8E8219B}.Debug|Any CPU.ActiveCfg = Debug|Any CPU
		{C603630B-B5AB-4AC6-8FDB-AE8BC8E8219B}.Debug|Any CPU.Build.0 = Debug|Any CPU
		{C603630B-B5AB-4AC6-8FDB-AE8BC8E8219B}.Release|Any CPU.ActiveCfg = Release|Any CPU
		{C603630B-B5AB-4AC6-8FDB-AE8BC8E8219B}.Release|Any CPU.Build.0 = Release|Any CPU
		{DB59F642-0690-466F-B77F-65899A2F9BF3}.Debug|Any CPU.ActiveCfg = Debug|Any CPU
		{DB59F642-0690-466F-B77F-65899A2F9BF3}.Debug|Any CPU.Build.0 = Debug|Any CPU
		{DB59F642-0690-466F-B77F-65899A2F9BF3}.Release|Any CPU.ActiveCfg = Release|Any CPU
		{DB59F642-0690-466F-B77F-65899A2F9BF3}.Release|Any CPU.Build.0 = Release|Any CPU
		{668B96FE-F3E6-46C1-B443-076806AF043E}.Debug|Any CPU.ActiveCfg = Debug|Any CPU
		{668B96FE-F3E6-46C1-B443-076806AF043E}.Debug|Any CPU.Build.0 = Debug|Any CPU
		{668B96FE-F3E6-46C1-B443-076806AF043E}.Release|Any CPU.ActiveCfg = Release|Any CPU
		{668B96FE-F3E6-46C1-B443-076806AF043E}.Release|Any CPU.Build.0 = Release|Any CPU
	EndGlobalSection
	GlobalSection(SolutionProperties) = preSolution
		HideSolutionNode = FALSE
	EndGlobalSection
	GlobalSection(NestedProjects) = preSolution
		{8A7C0225-2316-474B-890D-2097BD7E3649} = {0E3FB98C-B791-47E9-8321-7538B981B0C3}
		{6C63ECF5-5307-46B3-941C-53E74B760916} = {0E3FB98C-B791-47E9-8321-7538B981B0C3}
		{1242D815-60B7-4CDF-8598-7D2980B494F1} = {0E3FB98C-B791-47E9-8321-7538B981B0C3}
		{BBB10524-6666-41E3-8C00-6593343A2E1E} = {0E3FB98C-B791-47E9-8321-7538B981B0C3}
		{DAEA8FC1-60E5-4FB7-889E-2E4869271755} = {0E3FB98C-B791-47E9-8321-7538B981B0C3}
		{AC12E064-7A3B-40FF-B3AC-0064431E25E7} = {1DB126BC-6E19-4B4B-92B4-B524AEB5788C}
		{FC5801FA-EA8E-4640-92D7-5A7BF00416B8} = {3F30E395-B36E-48FF-85CA-65BF6747F238}
		{15F4CE6F-8673-482E-BCEF-A5E2543CAD1B} = {44DCF1BC-5A7D-4056-B20A-D014C6B9E605}
		{8DCD6796-450C-4BD4-ACDF-6740FF064FE0} = {15F4CE6F-8673-482E-BCEF-A5E2543CAD1B}
		{588DFEEB-92A4-43AE-A8BE-B17FDF2FACEE} = {15F4CE6F-8673-482E-BCEF-A5E2543CAD1B}
		{0E3FB98C-B791-47E9-8321-7538B981B0C3} = {6153F6F5-0C1C-4885-A557-4780D60346DA}
		{341568B0-00C1-4186-A64D-F00F510CA262} = {6153F6F5-0C1C-4885-A557-4780D60346DA}
		{EC0DAE02-778F-4A07-B950-6127725D7557} = {341568B0-00C1-4186-A64D-F00F510CA262}
		{530B98CC-275D-41A1-BEA3-D6A7A71A9F8B} = {341568B0-00C1-4186-A64D-F00F510CA262}
		{838A5087-719D-4563-B0C6-86A91B31F295} = {341568B0-00C1-4186-A64D-F00F510CA262}
		{DFC1A83D-74A2-4DAE-B19C-336F5C1B2BB0} = {341568B0-00C1-4186-A64D-F00F510CA262}
		{C603630B-B5AB-4AC6-8FDB-AE8BC8E8219B} = {341568B0-00C1-4186-A64D-F00F510CA262}
		{DB59F642-0690-466F-B77F-65899A2F9BF3} = {44DCF1BC-5A7D-4056-B20A-D014C6B9E605}
		{668B96FE-F3E6-46C1-B443-076806AF043E} = {44DCF1BC-5A7D-4056-B20A-D014C6B9E605}
	EndGlobalSection
	GlobalSection(ExtensibilityGlobals) = postSolution
		SolutionGuid = {9D26F2F6-1A15-4066-BC25-EE5D1120696E}
	EndGlobalSection
EndGlobal
